
Microsoft Visual Studio Solution File, Format Version 12.00
# Visual Studio Version 16
VisualStudioVersion = 16.0.31702.278
MinimumVisualStudioVersion = 10.0.40219.1
Project("{FAE04EC0-301F-11D3-BF4B-00C04F79EFBC}") = "H2Example", "H2Example\H2Example.csproj", "{7ED5740C-081D-4D1C-B8A0-29C4E92B11C8}"
EndProject
Project("{FAE04EC0-301F-11D3-BF4B-00C04F79EFBC}") = "H2SharpADO.NET50", "H2SharpADO.NET50\H2SharpADO.NET50.csproj", "{0426AAE0-926D-4E2F-A5B0-15D4F744CA04}"
EndProject
Global
	GlobalSection(SolutionConfigurationPlatforms) = preSolution
		Debug|Any CPU = Debug|Any CPU
		Release|Any CPU = Release|Any CPU
	EndGlobalSection
	GlobalSection(ProjectConfigurationPlatforms) = postSolution
		{7ED5740C-081D-4D1C-B8A0-29C4E92B11C8}.Debug|Any CPU.ActiveCfg = Debug|Any CPU
		{7ED5740C-081D-4D1C-B8A0-29C4E92B11C8}.Debug|Any CPU.Build.0 = Debug|Any CPU
		{7ED5740C-081D-4D1C-B8A0-29C4E92B11C8}.Release|Any CPU.ActiveCfg = Release|Any CPU
		{7ED5740C-081D-4D1C-B8A0-29C4E92B11C8}.Release|Any CPU.Build.0 = Release|Any CPU
		{0426AAE0-926D-4E2F-A5B0-15D4F744CA04}.Debug|Any CPU.ActiveCfg = Debug|Any CPU
		{0426AAE0-926D-4E2F-A5B0-15D4F744CA04}.Debug|Any CPU.Build.0 = Debug|Any CPU
		{0426AAE0-926D-4E2F-A5B0-15D4F744CA04}.Release|Any CPU.ActiveCfg = Release|Any CPU
		{0426AAE0-926D-4E2F-A5B0-15D4F744CA04}.Release|Any CPU.Build.0 = Release|Any CPU
	EndGlobalSection
	GlobalSection(SolutionProperties) = preSolution
		HideSolutionNode = FALSE
	EndGlobalSection
	GlobalSection(ExtensibilityGlobals) = postSolution
		SolutionGuid = {F0E1DB6A-3FA7-4C35-A91A-B043E2AA5CB1}
	EndGlobalSection
EndGlobal
